{
  "name": "hstp",
  "version": "1.0.2",
  "lockfileVersion": 1,
  "requires": true,
  "dependencies": {
    "commander": {
      "version": "2.20.3",
      "resolved": "https://registry.npmjs.org/commander/-/commander-2.20.3.tgz",
      "integrity": "sha512-GpVkmM8vF2vQUkj2LvZmD35JxeJOLCwJ9cUkugyk2nuhbv3+mJvpLYYt+0+USMxE+oj+ey/lJEnhZw75x/OMcQ=="
    },
    "node-tcp-proxy": {
      "version": "0.0.27",
      "resolved": "https://registry.npmjs.org/node-tcp-proxy/-/node-tcp-proxy-0.0.27.tgz",
      "integrity": "sha512-c6IVw7/CqkQWe/IOvw/Uba0wp8qr9c+J0IgqU9gc1HIONwZTUoJm6AE0AiHVaQVRDZOE6eDVVL0n/Bnmawy31w==",
      "requires": {
        "commander": "^2.19.0"
      }
    }
  }
}
